github.com/chasefleming/elem-go v0.30.0 h1:BlhV1ekv1RbFiM8XZUQeln1Ikb4D+bu2eDO4agREvok=
github.com/chasefleming/elem-go v0.30.0/go.mod h1:hz73qILBIKnTgOujnSMtEj20/epI+f6vg71RUilJAA4=
github.com/yuin/goldmark v1.7.8 h1:iERMLn0/QJeHFhxSt3p6PeN9mGnvIKSpG9YYorDMnic=
github.com/yuin/goldmark v1.7.8/go.mod h1:uzxRWxtg69N339t3louHJ7+O03ezfj6PlliRlaOzY1E=
